
Microsoft Visual Studio Solution File, Format Version 12.00
Project("{FAE04EC0-301F-11D3-BF4B-00C04F79EFBC}") = "ScienceResearchWorks", "ScienceResearchWorks\ScienceResearchWorks.csproj", "{6D470ED0-999A-4DC4-85DE-CFD2E67031C1}"
EndProject
Project("{FAE04EC0-301F-11D3-BF4B-00C04F79EFBC}") = "SRW4", "SRW4\SRW4.csproj", "{4C994C60-B7FD-4C29-ADBE-9E5D63120783}"
EndProject
Project("{FAE04EC0-301F-11D3-BF4B-00C04F79EFBC}") = "SRW5", "SRW5\SRW5.csproj", "{626114F5-4187-4F73-B64B-34600729CB7A}"
EndProject
Project("{FAE04EC0-301F-11D3-BF4B-00C04F79EFBC}") = "SRW6", "SRW6\SRW6.csproj", "{01159EED-745F-4026-B620-FACFA4DB5955}"
EndProject
Project("{FAE04EC0-301F-11D3-BF4B-00C04F79EFBC}") = "SRW7", "SRW7\SRW7.csproj", "{06800D8F-8A41-4A59-8919-AF0D05CCDC32}"
EndProject
Project("{FAE04EC0-301F-11D3-BF4B-00C04F79EFBC}") = "SRW8", "SRW8\SRW8.csproj", "{F0131A62-1D54-4A89-9112-464A79C8A87C}"
EndProject
Project("{FAE04EC0-301F-11D3-BF4B-00C04F79EFBC}") = "SRW9", "SRW9\SRW9.csproj", "{F143A24B-92DC-4C7D-8F0D-325C38A25A07}"
EndProject
Project("{FAE04EC0-301F-11D3-BF4B-00C04F79EFBC}") = "SRW10", "SRW10\SRW10.csproj", "{9E39D593-4917-429C-8527-517E0F87EA47}"
EndProject
Project("{FAE04EC0-301F-11D3-BF4B-00C04F79EFBC}") = "SRW11", "SRW11\SRW11.csproj", "{6E8FC9FD-6687-419B-A8BB-9B80CB6B3203}"
EndProject
Project("{FAE04EC0-301F-11D3-BF4B-00C04F79EFBC}") = "SRW12", "SRW12\SRW12.csproj", "{C107DC08-FFA3-4E4D-8DB1-317EBEFCF990}"
EndProject
Project("{FAE04EC0-301F-11D3-BF4B-00C04F79EFBC}") = "SRW13", "SRW13\SRW13.csproj", "{1D08B7B5-E234-49D4-9429-EECE519641C9}"
EndProject
Project("{FAE04EC0-301F-11D3-BF4B-00C04F79EFBC}") = "SRW14", "SRW14\SRW14.csproj", "{41B8DD15-AC62-45BB-AAE8-01D8DE0B5B22}"
EndProject
Project("{FAE04EC0-301F-11D3-BF4B-00C04F79EFBC}") = "SRW15", "SRW15\SRW15.csproj", "{FA596168-6AB9-428B-8ECB-14928054475F}"
EndProject
Global
	GlobalSection(SolutionConfigurationPlatforms) = preSolution
		Debug|Any CPU = Debug|Any CPU
		Release|Any CPU = Release|Any CPU
	EndGlobalSection
	GlobalSection(ProjectConfigurationPlatforms) = postSolution
		{6D470ED0-999A-4DC4-85DE-CFD2E67031C1}.Debug|Any CPU.ActiveCfg = Debug|Any CPU
		{6D470ED0-999A-4DC4-85DE-CFD2E67031C1}.Debug|Any CPU.Build.0 = Debug|Any CPU
		{6D470ED0-999A-4DC4-85DE-CFD2E67031C1}.Release|Any CPU.ActiveCfg = Release|Any CPU
		{6D470ED0-999A-4DC4-85DE-CFD2E67031C1}.Release|Any CPU.Build.0 = Release|Any CPU
		{4C994C60-B7FD-4C29-ADBE-9E5D63120783}.Debug|Any CPU.ActiveCfg = Debug|Any CPU
		{4C994C60-B7FD-4C29-ADBE-9E5D63120783}.Debug|Any CPU.Build.0 = Debug|Any CPU
		{4C994C60-B7FD-4C29-ADBE-9E5D63120783}.Release|Any CPU.ActiveCfg = Release|Any CPU
		{4C994C60-B7FD-4C29-ADBE-9E5D63120783}.Release|Any CPU.Build.0 = Release|Any CPU
		{626114F5-4187-4F73-B64B-34600729CB7A}.Debug|Any CPU.ActiveCfg = Debug|Any CPU
		{626114F5-4187-4F73-B64B-34600729CB7A}.Debug|Any CPU.Build.0 = Debug|Any CPU
		{626114F5-4187-4F73-B64B-34600729CB7A}.Release|Any CPU.ActiveCfg = Release|Any CPU
		{626114F5-4187-4F73-B64B-34600729CB7A}.Release|Any CPU.Build.0 = Release|Any CPU
		{01159EED-745F-4026-B620-FACFA4DB5955}.Debug|Any CPU.ActiveCfg = Debug|Any CPU
		{01159EED-745F-4026-B620-FACFA4DB5955}.Debug|Any CPU.Build.0 = Debug|Any CPU
		{01159EED-745F-4026-B620-FACFA4DB5955}.Release|Any CPU.ActiveCfg = Release|Any CPU
		{01159EED-745F-4026-B620-FACFA4DB5955}.Release|Any CPU.Build.0 = Release|Any CPU
		{06800D8F-8A41-4A59-8919-AF0D05CCDC32}.Debug|Any CPU.ActiveCfg = Debug|Any CPU
		{06800D8F-8A41-4A59-8919-AF0D05CCDC32}.Debug|Any CPU.Build.0 = Debug|Any CPU
		{06800D8F-8A41-4A59-8919-AF0D05CCDC32}.Release|Any CPU.ActiveCfg = Release|Any CPU
		{06800D8F-8A41-4A59-8919-AF0D05CCDC32}.Release|Any CPU.Build.0 = Release|Any CPU
		{F0131A62-1D54-4A89-9112-464A79C8A87C}.Debug|Any CPU.ActiveCfg = Debug|Any CPU
		{F0131A62-1D54-4A89-9112-464A79C8A87C}.Debug|Any CPU.Build.0 = Debug|Any CPU
		{F0131A62-1D54-4A89-9112-464A79C8A87C}.Release|Any CPU.ActiveCfg = Release|Any CPU
		{F0131A62-1D54-4A89-9112-464A79C8A87C}.Release|Any CPU.Build.0 = Release|Any CPU
		{F143A24B-92DC-4C7D-8F0D-325C38A25A07}.Debug|Any CPU.ActiveCfg = Debug|Any CPU
		{F143A24B-92DC-4C7D-8F0D-325C38A25A07}.Debug|Any CPU.Build.0 = Debug|Any CPU
		{F143A24B-92DC-4C7D-8F0D-325C38A25A07}.Release|Any CPU.ActiveCfg = Release|Any CPU
		{F143A24B-92DC-4C7D-8F0D-325C38A25A07}.Release|Any CPU.Build.0 = Release|Any CPU
		{9E39D593-4917-429C-8527-517E0F87EA47}.Debug|Any CPU.ActiveCfg = Debug|Any CPU
		{9E39D593-4917-429C-8527-517E0F87EA47}.Debug|Any CPU.Build.0 = Debug|Any CPU
		{9E39D593-4917-429C-8527-517E0F87EA47}.Release|Any CPU.ActiveCfg = Release|Any CPU
		{9E39D593-4917-429C-8527-517E0F87EA47}.Release|Any CPU.Build.0 = Release|Any CPU
		{6E8FC9FD-6687-419B-A8BB-9B80CB6B3203}.Debug|Any CPU.ActiveCfg = Debug|Any CPU
		{6E8FC9FD-6687-419B-A8BB-9B80CB6B3203}.Debug|Any CPU.Build.0 = Debug|Any CPU
		{6E8FC9FD-6687-419B-A8BB-9B80CB6B3203}.Release|Any CPU.ActiveCfg = Release|Any CPU
		{6E8FC9FD-6687-419B-A8BB-9B80CB6B3203}.Release|Any CPU.Build.0 = Release|Any CPU
		{C107DC08-FFA3-4E4D-8DB1-317EBEFCF990}.Debug|Any CPU.ActiveCfg = Debug|Any CPU
		{C107DC08-FFA3-4E4D-8DB1-317EBEFCF990}.Debug|Any CPU.Build.0 = Debug|Any CPU
		{C107DC08-FFA3-4E4D-8DB1-317EBEFCF990}.Release|Any CPU.ActiveCfg = Release|Any CPU
		{C107DC08-FFA3-4E4D-8DB1-317EBEFCF990}.Release|Any CPU.Build.0 = Release|Any CPU
		{1D08B7B5-E234-49D4-9429-EECE519641C9}.Debug|Any CPU.ActiveCfg = Debug|Any CPU
		{1D08B7B5-E234-49D4-9429-EECE519641C9}.Debug|Any CPU.Build.0 = Debug|Any CPU
		{1D08B7B5-E234-49D4-9429-EECE519641C9}.Release|Any CPU.ActiveCfg = Release|Any CPU
		{1D08B7B5-E234-49D4-9429-EECE519641C9}.Release|Any CPU.Build.0 = Release|Any CPU
		{41B8DD15-AC62-45BB-AAE8-01D8DE0B5B22}.Debug|Any CPU.ActiveCfg = Debug|Any CPU
		{41B8DD15-AC62-45BB-AAE8-01D8DE0B5B22}.Debug|Any CPU.Build.0 = Debug|Any CPU
		{41B8DD15-AC62-45BB-AAE8-01D8DE0B5B22}.Release|Any CPU.ActiveCfg = Release|Any CPU
		{41B8DD15-AC62-45BB-AAE8-01D8DE0B5B22}.Release|Any CPU.Build.0 = Release|Any CPU
		{FA596168-6AB9-428B-8ECB-14928054475F}.Debug|Any CPU.ActiveCfg = Debug|Any CPU
		{FA596168-6AB9-428B-8ECB-14928054475F}.Debug|Any CPU.Build.0 = Debug|Any CPU
		{FA596168-6AB9-428B-8ECB-14928054475F}.Release|Any CPU.ActiveCfg = Release|Any CPU
		{FA596168-6AB9-428B-8ECB-14928054475F}.Release|Any CPU.Build.0 = Release|Any CPU
	EndGlobalSection
EndGlobal
